// !$*UTF8*$!
{
	archiveVersion = 1;
	classes = {
	};
	objectVersion = 46;
	objects = {

/* Begin PBXBuildFile section */
		802F39A517B2BF25005B70C4 /* AGNSSplitViewDelegate.m in Sources */ = {isa = PBXBuildFile; fileRef = 802F39A117B2BF25005B70C4 /* AGNSSplitViewDelegate.m */; settings = {COMPILER_FLAGS = "-fno-objc-arc"; }; };
		802F39A617B2BF25005B70C4 /* AGNSSplitView.m in Sources */ = {isa = PBXBuildFile; fileRef = 802F39A317B2BF25005B70C4 /* AGNSSplitView.m */; settings = {COMPILER_FLAGS = "-fno-objc-arc"; }; };
		802F39AB17B3A3C7005B70C4 /* JSXProjectSplitViewController.m in Sources */ = {isa = PBXBuildFile; fileRef = 802F39AA17B3A3C7005B70C4 /* JSXProjectSplitViewController.m */; };
		808058E917B1B6BF004D1D41 /* Cocoa.framework in Frameworks */ = {isa = PBXBuildFile; fileRef = 808058E817B1B6BF004D1D41 /* Cocoa.framework */; };
		808058F317B1B6BF004D1D41 /* InfoPlist.strings in Resources */ = {isa = PBXBuildFile; fileRef = 808058F117B1B6BF004D1D41 /* InfoPlist.strings */; };
		808058F517B1B6C0004D1D41 /* main.m in Sources */ = {isa = PBXBuildFile; fileRef = 808058F417B1B6BF004D1D41 /* main.m */; };
		808058F917B1B6C0004D1D41 /* Credits.rtf in Resources */ = {isa = PBXBuildFile; fileRef = 808058F717B1B6C0004D1D41 /* Credits.rtf */; };
		808058FC17B1B6C0004D1D41 /* JSXProject.m in Sources */ = {isa = PBXBuildFile; fileRef = 808058FB17B1B6C0004D1D41 /* JSXProject.m */; };
		808058FF17B1B6C0004D1D41 /* JSXProject.xib in Resources */ = {isa = PBXBuildFile; fileRef = 808058FD17B1B6C0004D1D41 /* JSXProject.xib */; };
		8080590217B1B6C0004D1D41 /* MainMenu.xib in Resources */ = {isa = PBXBuildFile; fileRef = 8080590017B1B6C0004D1D41 /* MainMenu.xib */; };
		8080590417B1B6C0004D1D41 /* Images.xcassets in Resources */ = {isa = PBXBuildFile; fileRef = 8080590317B1B6C0004D1D41 /* Images.xcassets */; };
		8080590B17B1B6C0004D1D41 /* XCTest.framework in Frameworks */ = {isa = PBXBuildFile; fileRef = 8080590A17B1B6C0004D1D41 /* XCTest.framework */; };
		8080590C17B1B6C0004D1D41 /* Cocoa.framework in Frameworks */ = {isa = PBXBuildFile; fileRef = 808058E817B1B6BF004D1D41 /* Cocoa.framework */; };
		8080591417B1B6C0004D1D41 /* InfoPlist.strings in Resources */ = {isa = PBXBuildFile; fileRef = 8080591217B1B6C0004D1D41 /* InfoPlist.strings */; };
		8080591617B1B6C0004D1D41 /* JSphereXTests.m in Sources */ = {isa = PBXBuildFile; fileRef = 8080591517B1B6C0004D1D41 /* JSphereXTests.m */; };
		8080592817B1D2CC004D1D41 /* JSXFileSGM.m in Sources */ = {isa = PBXBuildFile; fileRef = 8080592717B1D2CC004D1D41 /* JSXFileSGM.m */; };
		8080592C17B1E5C9004D1D41 /* NSString+Hashing.m in Sources */ = {isa = PBXBuildFile; fileRef = 8080592B17B1E5C9004D1D41 /* NSString+Hashing.m */; };
		8080593217B1EA23004D1D41 /* libcrypto.dylib in Frameworks */ = {isa = PBXBuildFile; fileRef = 8080593117B1EA23004D1D41 /* libcrypto.dylib */; };
		8080593517B26520004D1D41 /* JSXFile.m in Sources */ = {isa = PBXBuildFile; fileRef = 8080593417B26520004D1D41 /* JSXFile.m */; };
		8080593817B265FC004D1D41 /* JSXFileMetaData.m in Sources */ = {isa = PBXBuildFile; fileRef = 8080593717B265FC004D1D41 /* JSXFileMetaData.m */; };
/* End PBXBuildFile section */

/* Begin PBXContainerItemProxy section */
		8080590D17B1B6C0004D1D41 /* PBXContainerItemProxy */ = {
			isa = PBXContainerItemProxy;
			containerPortal = 808058DD17B1B6BF004D1D41 /* Project object */;
			proxyType = 1;
			remoteGlobalIDString = 808058E417B1B6BF004D1D41;
			remoteInfo = JSphereX;
		};
/* End PBXContainerItemProxy section */

/* Begin PBXFileReference section */
		802F39A117B2BF25005B70C4 /* AGNSSplitViewDelegate.m */ = {isa = PBXFileReference; fileEncoding = 4; lastKnownFileType = sourcecode.c.objc; path = AGNSSplitViewDelegate.m; sourceTree = "<group>"; };
		802F39A217B2BF25005B70C4 /* AGNSSplitViewDelegate.h */ = {isa = PBXFileReference; fileEncoding = 4; lastKnownFileType = sourcecode.c.h; path = AGNSSplitViewDelegate.h; sourceTree = "<group>"; };
		802F39A317B2BF25005B70C4 /* AGNSSplitView.m */ = {isa = PBXFileReference; fileEncoding = 4; lastKnownFileType = sourcecode.c.objc; path = AGNSSplitView.m; sourceTree = "<group>"; };
		802F39A417B2BF25005B70C4 /* AGNSSplitView.h */ = {isa = PBXFileReference; fileEncoding = 4; lastKnownFileType = sourcecode.c.h; path = AGNSSplitView.h; sourceTree = "<group>"; };
		802F39A917B3A3C7005B70C4 /* JSXProjectSplitViewController.h */ = {isa = PBXFileReference; fileEncoding = 4; lastKnownFileType = sourcecode.c.h; path = JSXProjectSplitViewController.h; sourceTree = "<group>"; };
		802F39AA17B3A3C7005B70C4 /* JSXProjectSplitViewController.m */ = {isa = PBXFileReference; fileEncoding = 4; lastKnownFileType = sourcecode.c.objc; path = JSXProjectSplitViewController.m; sourceTree = "<group>"; };
		808058E517B1B6BF004D1D41 /* JSphereX.app */ = {isa = PBXFileReference; explicitFileType = wrapper.application; includeInIndex = 0; path = JSphereX.app; sourceTree = BUILT_PRODUCTS_DIR; };
		808058E817B1B6BF004D1D41 /* Cocoa.framework */ = {isa = PBXFileReference; lastKnownFileType = wrapper.framework; name = Cocoa.framework; path = System/Library/Frameworks/Cocoa.framework; sourceTree = SDKROOT; };
		808058EB17B1B6BF004D1D41 /* AppKit.framework */ = {isa = PBXFileReference; lastKnownFileType = wrapper.framework; name = AppKit.framework; path = System/Library/Frameworks/AppKit.framework; sourceTree = SDKROOT; };
		808058EC17B1B6BF004D1D41 /* CoreData.framework */ = {isa = PBXFileReference; lastKnownFileType = wrapper.framework; name = CoreData.framework; path = System/Library/Frameworks/CoreData.framework; sourceTree = SDKROOT; };
		808058ED17B1B6BF004D1D41 /* Foundation.framework */ = {isa = PBXFileReference; lastKnownFileType = wrapper.framework; name = Foundation.framework; path = System/Library/Frameworks/Foundation.framework; sourceTree = SDKROOT; };
		808058F017B1B6BF004D1D41 /* JSphereX-Info.plist */ = {isa = PBXFileReference; lastKnownFileType = text.plist.xml; path = "JSphereX-Info.plist"; sourceTree = "<group>"; };
		808058F217B1B6BF004D1D41 /* en */ = {isa = PBXFileReference; lastKnownFileType = text.plist.strings; name = en; path = en.lproj/InfoPlist.strings; sourceTree = "<group>"; };
		808058F417B1B6BF004D1D41 /* main.m */ = {isa = PBXFileReference; lastKnownFileType = sourcecode.c.objc; path = main.m; sourceTree = "<group>"; };
		808058F617B1B6C0004D1D41 /* JSphereX-Prefix.pch */ = {isa = PBXFileReference; lastKnownFileType = sourcecode.c.h; path = "JSphereX-Prefix.pch"; sourceTree = "<group>"; };
		808058F817B1B6C0004D1D41 /* en */ = {isa = PBXFileReference; lastKnownFileType = text.rtf; name = en; path = en.lproj/Credits.rtf; sourceTree = "<group>"; };
		808058FA17B1B6C0004D1D41 /* JSXProject.h */ = {isa = PBXFileReference; lastKnownFileType = sourcecode.c.h; path = JSXProject.h; sourceTree = "<group>"; };
		808058FB17B1B6C0004D1D41 /* JSXProject.m */ = {isa = PBXFileReference; lastKnownFileType = sourcecode.c.objc; path = JSXProject.m; sourceTree = "<group>"; };
		808058FE17B1B6C0004D1D41 /* Base */ = {isa = PBXFileReference; lastKnownFileType = file.xib; name = Base; path = Base.lproj/JSXProject.xib; sourceTree = "<group>"; };
		8080590117B1B6C0004D1D41 /* Base */ = {isa = PBXFileReference; lastKnownFileType = file.xib; name = Base; path = Base.lproj/MainMenu.xib; sourceTree = "<group>"; };
		8080590317B1B6C0004D1D41 /* Images.xcassets */ = {isa = PBXFileReference; lastKnownFileType = folder.assetcatalog; path = Images.xcassets; sourceTree = "<group>"; };
		8080590917B1B6C0004D1D41 /* JSphereXTests.xctest */ = {isa = PBXFileReference; explicitFileType = folder; includeInIndex = 0; path = JSphereXTests.xctest; sourceTree = BUILT_PRODUCTS_DIR; };
		8080590A17B1B6C0004D1D41 /* XCTest.framework */ = {isa = PBXFileReference; lastKnownFileType = wrapper.framework; name = XCTest.framework; path = Library/Frameworks/XCTest.framework; sourceTree = DEVELOPER_DIR; };
		8080591117B1B6C0004D1D41 /* JSphereXTests-Info.plist */ = {isa = PBXFileReference; lastKnownFileType = text.plist.xml; path = "JSphereXTests-Info.plist"; sourceTree = "<group>"; };
		8080591317B1B6C0004D1D41 /* en */ = {isa = PBXFileReference; lastKnownFileType = text.plist.strings; name = en; path = en.lproj/InfoPlist.strings; sourceTree = "<group>"; };
		8080591517B1B6C0004D1D41 /* JSphereXTests.m */ = {isa = PBXFileReference; lastKnownFileType = sourcecode.c.objc; path = JSphereXTests.m; sourceTree = "<group>"; };
		8080592617B1D2CC004D1D41 /* JSXFileSGM.h */ = {isa = PBXFileReference; fileEncoding = 4; lastKnownFileType = sourcecode.c.h; path = JSXFileSGM.h; sourceTree = "<group>"; };
		8080592717B1D2CC004D1D41 /* JSXFileSGM.m */ = {isa = PBXFileReference; fileEncoding = 4; lastKnownFileType = sourcecode.c.objc; path = JSXFileSGM.m; sourceTree = "<group>"; };
		8080592A17B1E5C9004D1D41 /* NSString+Hashing.h */ = {isa = PBXFileReference; fileEncoding = 4; lastKnownFileType = sourcecode.c.h; path = "NSString+Hashing.h"; sourceTree = "<group>"; };
		8080592B17B1E5C9004D1D41 /* NSString+Hashing.m */ = {isa = PBXFileReference; fileEncoding = 4; lastKnownFileType = sourcecode.c.objc; path = "NSString+Hashing.m"; sourceTree = "<group>"; };
		8080592D17B1E877004D1D41 /* Security.framework */ = {isa = PBXFileReference; lastKnownFileType = wrapper.framework; name = Security.framework; path = System/Library/Frameworks/Security.framework; sourceTree = SDKROOT; };
		8080592F17B1E8DD004D1D41 /* libcommonCrypto.dylib */ = {isa = PBXFileReference; lastKnownFileType = "compiled.mach-o.dylib"; name = libcommonCrypto.dylib; path = usr/lib/system/libcommonCrypto.dylib; sourceTree = SDKROOT; };
		8080593117B1EA23004D1D41 /* libcrypto.dylib */ = {isa = PBXFileReference; lastKnownFileType = "compiled.mach-o.dylib"; name = libcrypto.dylib; path = usr/lib/libcrypto.dylib; sourceTree = SDKROOT; };
		8080593317B26520004D1D41 /* JSXFile.h */ = {isa = PBXFileReference; fileEncoding = 4; lastKnownFileType = sourcecode.c.h; path = JSXFile.h; sourceTree = "<group>"; };
		8080593417B26520004D1D41 /* JSXFile.m */ = {isa = PBXFileReference; fileEncoding = 4; lastKnownFileType = sourcecode.c.objc; path = JSXFile.m; sourceTree = "<group>"; };
		8080593617B265FC004D1D41 /* JSXFileMetaData.h */ = {isa = PBXFileReference; fileEncoding = 4; lastKnownFileType = sourcecode.c.h; path = JSXFileMetaData.h; sourceTree = "<group>"; };
		8080593717B265FC004D1D41 /* JSXFileMetaData.m */ = {isa = PBXFileReference; fileEncoding = 4; lastKnownFileType = sourcecode.c.objc; path = JSXFileMetaData.m; sourceTree = "<group>"; };
/* End PBXFileReference section */

/* Begin PBXFrameworksBuildPhase section */
		808058E217B1B6BF004D1D41 /* Frameworks */ = {
			isa = PBXFrameworksBuildPhase;
			buildActionMask = 2147483647;
			files = (
				8080593217B1EA23004D1D41 /* libcrypto.dylib in Frameworks */,
				808058E917B1B6BF004D1D41 /* Cocoa.framework in Frameworks */,
			);
			runOnlyForDeploymentPostprocessing = 0;
		};
		8080590617B1B6C0004D1D41 /* Frameworks */ = {
			isa = PBXFrameworksBuildPhase;
			buildActionMask = 2147483647;
			files = (
				8080590C17B1B6C0004D1D41 /* Cocoa.framework in Frameworks */,
				8080590B17B1B6C0004D1D41 /* XCTest.framework in Frameworks */,
			);
			runOnlyForDeploymentPostprocessing = 0;
		};
/* End PBXFrameworksBuildPhase section */

/* Begin PBXGroup section */
		802F39A717B2BF2A005B70C4 /* AGNSplitView */ = {
			isa = PBXGroup;
			children = (
				802F39A117B2BF25005B70C4 /* AGNSSplitViewDelegate.m */,
				802F39A217B2BF25005B70C4 /* AGNSSplitViewDelegate.h */,
				802F39A317B2BF25005B70C4 /* AGNSSplitView.m */,
				802F39A417B2BF25005B70C4 /* AGNSSplitView.h */,
			);
			name = AGNSplitView;
			sourceTree = "<group>";
		};
		802F39A817B2BF32005B70C4 /* ThirdParty */ = {
			isa = PBXGroup;
			children = (
				802F39A717B2BF2A005B70C4 /* AGNSplitView */,
			);
			name = ThirdParty;
			sourceTree = "<group>";
		};
		808058DC17B1B6BF004D1D41 = {
			isa = PBXGroup;
			children = (
				808058EE17B1B6BF004D1D41 /* JSphereX */,
				8080590F17B1B6C0004D1D41 /* JSphereXTests */,
				808058E717B1B6BF004D1D41 /* Frameworks */,
				808058E617B1B6BF004D1D41 /* Products */,
			);
			sourceTree = "<group>";
		};
		808058E617B1B6BF004D1D41 /* Products */ = {
			isa = PBXGroup;
			children = (
				808058E517B1B6BF004D1D41 /* JSphereX.app */,
				8080590917B1B6C0004D1D41 /* JSphereXTests.xctest */,
			);
			name = Products;
			sourceTree = "<group>";
		};
		808058E717B1B6BF004D1D41 /* Frameworks */ = {
			isa = PBXGroup;
			children = (
				8080593117B1EA23004D1D41 /* libcrypto.dylib */,
				8080592F17B1E8DD004D1D41 /* libcommonCrypto.dylib */,
				8080592D17B1E877004D1D41 /* Security.framework */,
				808058E817B1B6BF004D1D41 /* Cocoa.framework */,
				8080590A17B1B6C0004D1D41 /* XCTest.framework */,
				808058EA17B1B6BF004D1D41 /* Other Frameworks */,
			);
			name = Frameworks;
			sourceTree = "<group>";
		};
		808058EA17B1B6BF004D1D41 /* Other Frameworks */ = {
			isa = PBXGroup;
			children = (
				808058EB17B1B6BF004D1D41 /* AppKit.framework */,
				808058EC17B1B6BF004D1D41 /* CoreData.framework */,
				808058ED17B1B6BF004D1D41 /* Foundation.framework */,
			);
			name = "Other Frameworks";
			sourceTree = "<group>";
		};
		808058EE17B1B6BF004D1D41 /* JSphereX */ = {
			isa = PBXGroup;
			children = (
				802F39A817B2BF32005B70C4 /* ThirdParty */,
				8080592917B1E5AB004D1D41 /* Categories */,
				8080593917B27661004D1D41 /* Editors */,
				8080592517B1D27B004D1D41 /* Models */,
				8080592417B1B9AA004D1D41 /* PluginSystem */,
				8080592217B1B98E004D1D41 /* Controllers */,
				8080592117B1B988004D1D41 /* Documents */,
				8080592017B1B980004D1D41 /* Views */,
				8080591F17B1B97A004D1D41 /* Assets */,
				808058EF17B1B6BF004D1D41 /* Supporting Files */,
			);
			path = JSphereX;
			sourceTree = "<group>";
		};
		808058EF17B1B6BF004D1D41 /* Supporting Files */ = {
			isa = PBXGroup;
			children = (
				808058F017B1B6BF004D1D41 /* JSphereX-Info.plist */,
				808058F117B1B6BF004D1D41 /* InfoPlist.strings */,
				808058F417B1B6BF004D1D41 /* main.m */,
				808058F617B1B6C0004D1D41 /* JSphereX-Prefix.pch */,
				808058F717B1B6C0004D1D41 /* Credits.rtf */,
			);
			name = "Supporting Files";
			sourceTree = "<group>";
		};
		8080590F17B1B6C0004D1D41 /* JSphereXTests */ = {
			isa = PBXGroup;
			children = (
				8080591517B1B6C0004D1D41 /* JSphereXTests.m */,
				8080591017B1B6C0004D1D41 /* Supporting Files */,
			);
			path = JSphereXTests;
			sourceTree = "<group>";
		};
		8080591017B1B6C0004D1D41 /* Supporting Files */ = {
			isa = PBXGroup;
			children = (
				8080591117B1B6C0004D1D41 /* JSphereXTests-Info.plist */,
				8080591217B1B6C0004D1D41 /* InfoPlist.strings */,
			);
			name = "Supporting Files";
			sourceTree = "<group>";
		};
		8080591F17B1B97A004D1D41 /* Assets */ = {
			isa = PBXGroup;
			children = (
				8080590317B1B6C0004D1D41 /* Images.xcassets */,
			);
			name = Assets;
			sourceTree = "<group>";
		};
		8080592017B1B980004D1D41 /* Views */ = {
			isa = PBXGroup;
			children = (
				808058FD17B1B6C0004D1D41 /* JSXProject.xib */,
				8080590017B1B6C0004D1D41 /* MainMenu.xib */,
			);
			name = Views;
			sourceTree = "<group>";
		};
		8080592117B1B988004D1D41 /* Documents */ = {
			isa = PBXGroup;
			children = (
				808058FA17B1B6C0004D1D41 /* JSXProject.h */,
				808058FB17B1B6C0004D1D41 /* JSXProject.m */,
			);
			name = Documents;
			sourceTree = "<group>";
		};
		8080592217B1B98E004D1D41 /* Controllers */ = {
			isa = PBXGroup;
			children = (
				802F39A917B3A3C7005B70C4 /* JSXProjectSplitViewController.h */,
				802F39AA17B3A3C7005B70C4 /* JSXProjectSplitViewController.m */,
			);
			name = Controllers;
			sourceTree = "<group>";
		};
		8080592417B1B9AA004D1D41 /* PluginSystem */ = {
			isa = PBXGroup;
			children = (
			);
			name = PluginSystem;
			sourceTree = "<group>";
		};
		8080592517B1D27B004D1D41 /* Models */ = {
			isa = PBXGroup;
			children = (
				8080593A17B2766C004D1D41 /* Files */,
			);
			name = Models;
			sourceTree = "<group>";
		};
		8080592917B1E5AB004D1D41 /* Categories */ = {
			isa = PBXGroup;
			children = (
				8080592A17B1E5C9004D1D41 /* NSString+Hashing.h */,
				8080592B17B1E5C9004D1D41 /* NSString+Hashing.m */,
			);
			name = Categories;
			sourceTree = "<group>";
		};
		8080593917B27661004D1D41 /* Editors */ = {
			isa = PBXGroup;
			children = (
			);
			name = Editors;
			sourceTree = "<group>";
		};
		8080593A17B2766C004D1D41 /* Files */ = {
			isa = PBXGroup;
			children = (
				8080592617B1D2CC004D1D41 /* JSXFileSGM.h */,
				8080592717B1D2CC004D1D41 /* JSXFileSGM.m */,
				8080593317B26520004D1D41 /* JSXFile.h */,
				8080593417B26520004D1D41 /* JSXFile.m */,
				8080593617B265FC004D1D41 /* JSXFileMetaData.h */,
				8080593717B265FC004D1D41 /* JSXFileMetaData.m */,
			);
			name = Files;
			sourceTree = "<group>";
		};
/* End PBXGroup section */

/* Begin PBXNativeTarget section */
		808058E417B1B6BF004D1D41 /* JSphereX */ = {
			isa = PBXNativeTarget;
			buildConfigurationList = 8080591917B1B6C0004D1D41 /* Build configuration list for PBXNativeTarget "JSphereX" */;
			buildPhases = (
				808058E117B1B6BF004D1D41 /* Sources */,
				808058E217B1B6BF004D1D41 /* Frameworks */,
				808058E317B1B6BF004D1D41 /* Resources */,
			);
			buildRules = (
			);
			dependencies = (
			);
			name = JSphereX;
			productName = JSphereX;
			productReference = 808058E517B1B6BF004D1D41 /* JSphereX.app */;
			productType = "com.apple.product-type.application";
		};
		8080590817B1B6C0004D1D41 /* JSphereXTests */ = {
			isa = PBXNativeTarget;
			buildConfigurationList = 8080591C17B1B6C0004D1D41 /* Build configuration list for PBXNativeTarget "JSphereXTests" */;
			buildPhases = (
				8080590517B1B6C0004D1D41 /* Sources */,
				8080590617B1B6C0004D1D41 /* Frameworks */,
				8080590717B1B6C0004D1D41 /* Resources */,
			);
			buildRules = (
			);
			dependencies = (
				8080590E17B1B6C0004D1D41 /* PBXTargetDependency */,
			);
			name = JSphereXTests;
			productName = JSphereXTests;
			productReference = 8080590917B1B6C0004D1D41 /* JSphereXTests.xctest */;
			productType = "com.apple.product-type.bundle.unit-test";
		};
/* End PBXNativeTarget section */

/* Begin PBXProject section */
		808058DD17B1B6BF004D1D41 /* Project object */ = {
			isa = PBXProject;
			attributes = {
				CLASSPREFIX = JSX;
				LastUpgradeCheck = 0500;
				ORGANIZATIONNAME = Jarvix;
				TargetAttributes = {
					8080590817B1B6C0004D1D41 = {
						TestTargetID = 808058E417B1B6BF004D1D41;
					};
				};
			};
			buildConfigurationList = 808058E017B1B6BF004D1D41 /* Build configuration list for PBXProject "JSphereX" */;
			compatibilityVersion = "Xcode 3.2";
			developmentRegion = English;
			hasScannedForEncodings = 0;
			knownRegions = (
				en,
				Base,
			);
			mainGroup = 808058DC17B1B6BF004D1D41;
			productRefGroup = 808058E617B1B6BF004D1D41 /* Products */;
			projectDirPath = "";
			projectRoot = "";
			targets = (
				808058E417B1B6BF004D1D41 /* JSphereX */,
				8080590817B1B6C0004D1D41 /* JSphereXTests */,
			);
		};
/* End PBXProject section */

/* Begin PBXResourcesBuildPhase section */
		808058E317B1B6BF004D1D41 /* Resources */ = {
			isa = PBXResourcesBuildPhase;
			buildActionMask = 2147483647;
			files = (
				808058FF17B1B6C0004D1D41 /* JSXProject.xib in Resources */,
				8080590417B1B6C0004D1D41 /* Images.xcassets in Resources */,
				808058F317B1B6BF004D1D41 /* InfoPlist.strings in Resources */,
				808058F917B1B6C0004D1D41 /* Credits.rtf in Resources */,
				8080590217B1B6C0004D1D41 /* MainMenu.xib in Resources */,
			);
			runOnlyForDeploymentPostprocessing = 0;
		};
		8080590717B1B6C0004D1D41 /* Resources */ = {
			isa = PBXResourcesBuildPhase;
			buildActionMask = 2147483647;
			files = (
				8080591417B1B6C0004D1D41 /* InfoPlist.strings in Resources */,
			);
			runOnlyForDeploymentPostprocessing = 0;
		};
/* End PBXResourcesBuildPhase section */

/* Begin PBXSourcesBuildPhase section */
		808058E117B1B6BF004D1D41 /* Sources */ = {
			isa = PBXSourcesBuildPhase;
			buildActionMask = 2147483647;
			files = (
				8080592817B1D2CC004D1D41 /* JSXFileSGM.m in Sources */,
				8080593517B26520004D1D41 /* JSXFile.m in Sources */,
				802F39A617B2BF25005B70C4 /* AGNSSplitView.m in Sources */,
				802F39A517B2BF25005B70C4 /* AGNSSplitViewDelegate.m in Sources */,
				808058FC17B1B6C0004D1D41 /* JSXProject.m in Sources */,
				8080592C17B1E5C9004D1D41 /* NSString+Hashing.m in Sources */,
				8080593817B265FC004D1D41 /* JSXFileMetaData.m in Sources */,
				808058F517B1B6C0004D1D41 /* main.m in Sources */,
				802F39AB17B3A3C7005B70C4 /* JSXProjectSplitViewController.m in Sources */,
			);
			runOnlyForDeploymentPostprocessing = 0;
		};
		8080590517B1B6C0004D1D41 /* Sources */ = {
			isa = PBXSourcesBuildPhase;
			buildActionMask = 2147483647;
			files = (
				8080591617B1B6C0004D1D41 /* JSphereXTests.m in Sources */,
			);
			runOnlyForDeploymentPostprocessing = 0;
		};
/* End PBXSourcesBuildPhase section */

/* Begin PBXTargetDependency section */
		8080590E17B1B6C0004D1D41 /* PBXTargetDependency */ = {
			isa = PBXTargetDependency;
			target = 808058E417B1B6BF004D1D41 /* JSphereX */;
			targetProxy = 8080590D17B1B6C0004D1D41 /* PBXContainerItemProxy */;
		};
/* End PBXTargetDependency section */

/* Begin PBXVariantGroup section */
		808058F117B1B6BF004D1D41 /* InfoPlist.strings */ = {
			isa = PBXVariantGroup;
			children = (
				808058F217B1B6BF004D1D41 /* en */,
			);
			name = InfoPlist.strings;
			sourceTree = "<group>";
		};
		808058F717B1B6C0004D1D41 /* Credits.rtf */ = {
			isa = PBXVariantGroup;
			children = (
				808058F817B1B6C0004D1D41 /* en */,
			);
			name = Credits.rtf;
			sourceTree = "<group>";
		};
		808058FD17B1B6C0004D1D41 /* JSXProject.xib */ = {
			isa = PBXVariantGroup;
			children = (
				808058FE17B1B6C0004D1D41 /* Base */,
			);
			name = JSXProject.xib;
			sourceTree = "<group>";
		};
		8080590017B1B6C0004D1D41 /* MainMenu.xib */ = {
			isa = PBXVariantGroup;
			children = (
				8080590117B1B6C0004D1D41 /* Base */,
			);
			name = MainMenu.xib;
			sourceTree = "<group>";
		};
		8080591217B1B6C0004D1D41 /* InfoPlist.strings */ = {
			isa = PBXVariantGroup;
			children = (
				8080591317B1B6C0004D1D41 /* en */,
			);
			name = InfoPlist.strings;
			sourceTree = "<group>";
		};
/* End PBXVariantGroup section */

/* Begin XCBuildConfiguration section */
		8080591717B1B6C0004D1D41 /* Debug */ = {
			isa = XCBuildConfiguration;
			buildSettings = {
				ALWAYS_SEARCH_USER_PATHS = NO;
				CLANG_CXX_LANGUAGE_STANDARD = "gnu++0x";
				CLANG_CXX_LIBRARY = "libc++";
				CLANG_ENABLE_MODULES = YES;
				CLANG_ENABLE_OBJC_ARC = YES;
				CLANG_WARN_BOOL_CONVERSION = YES;
				CLANG_WARN_CONSTANT_CONVERSION = YES;
				CLANG_WARN_DIRECT_OBJC_ISA_USAGE = YES_ERROR;
				CLANG_WARN_EMPTY_BODY = YES;
				CLANG_WARN_ENUM_CONVERSION = YES;
				CLANG_WARN_INT_CONVERSION = YES;
				CLANG_WARN_OBJC_ROOT_CLASS = YES_ERROR;
				CLANG_WARN__DUPLICATE_METHOD_MATCH = YES;
				COPY_PHASE_STRIP = NO;
				GCC_C_LANGUAGE_STANDARD = gnu99;
				GCC_DYNAMIC_NO_PIC = NO;
				GCC_ENABLE_OBJC_EXCEPTIONS = YES;
				GCC_OPTIMIZATION_LEVEL = 0;
				GCC_PREPROCESSOR_DEFINITIONS = (
					"DEBUG=1",
					"$(inherited)",
				);
				GCC_SYMBOLS_PRIVATE_EXTERN = NO;
				GCC_WARN_64_TO_32_BIT_CONVERSION = YES;
				GCC_WARN_ABOUT_RETURN_TYPE = YES_ERROR;
				GCC_WARN_UNDECLARED_SELECTOR = YES;
				GCC_WARN_UNINITIALIZED_AUTOS = YES;
				GCC_WARN_UNUSED_FUNCTION = YES;
				GCC_WARN_UNUSED_VARIABLE = YES;
				MACOSX_DEPLOYMENT_TARGET = 10.8;
				ONLY_ACTIVE_ARCH = YES;
				SDKROOT = macosx;
			};
			name = Debug;
		};
		8080591817B1B6C0004D1D41 /* Release */ = {
			isa = XCBuildConfiguration;
			buildSettings = {
				ALWAYS_SEARCH_USER_PATHS = NO;
				CLANG_CXX_LANGUAGE_STANDARD = "gnu++0x";
				CLANG_CXX_LIBRARY = "libc++";
				CLANG_ENABLE_MODULES = YES;
				CLANG_ENABLE_OBJC_ARC = YES;
				CLANG_WARN_BOOL_CONVERSION = YES;
				CLANG_WARN_CONSTANT_CONVERSION = YES;
				CLANG_WARN_DIRECT_OBJC_ISA_USAGE = YES_ERROR;
				CLANG_WARN_EMPTY_BODY = YES;
				CLANG_WARN_ENUM_CONVERSION = YES;
				CLANG_WARN_INT_CONVERSION = YES;
				CLANG_WARN_OBJC_ROOT_CLASS = YES_ERROR;
				CLANG_WARN__DUPLICATE_METHOD_MATCH = YES;
				COPY_PHASE_STRIP = YES;
				DEBUG_INFORMATION_FORMAT = "dwarf-with-dsym";
				ENABLE_NS_ASSERTIONS = NO;
				GCC_C_LANGUAGE_STANDARD = gnu99;
				GCC_ENABLE_OBJC_EXCEPTIONS = YES;
				GCC_WARN_64_TO_32_BIT_CONVERSION = YES;
				GCC_WARN_ABOUT_RETURN_TYPE = YES_ERROR;
				GCC_WARN_UNDECLARED_SELECTOR = YES;
				GCC_WARN_UNINITIALIZED_AUTOS = YES;
				GCC_WARN_UNUSED_FUNCTION = YES;
				GCC_WARN_UNUSED_VARIABLE = YES;
				MACOSX_DEPLOYMENT_TARGET = 10.8;
				SDKROOT = macosx;
			};
			name = Release;
		};
		8080591A17B1B6C0004D1D41 /* Debug */ = {
			isa = XCBuildConfiguration;
			buildSettings = {
				ASSETCATALOG_COMPILER_APPICON_NAME = AppIcon;
				COMBINE_HIDPI_IMAGES = YES;
				GCC_PRECOMPILE_PREFIX_HEADER = YES;
				GCC_PREFIX_HEADER = "JSphereX/JSphereX-Prefix.pch";
				INFOPLIST_FILE = "JSphereX/JSphereX-Info.plist";
				LIBRARY_SEARCH_PATHS = (
					"$(inherited)",
					"$(SDKROOT)/usr/lib/system",
				);
				PRODUCT_NAME = "$(TARGET_NAME)";
				WRAPPER_EXTENSION = app;
			};
			name = Debug;
		};
		8080591B17B1B6C0004D1D41 /* Release */ = {
			isa = XCBuildConfiguration;
			buildSettings = {
				ASSETCATALOG_COMPILER_APPICON_NAME = AppIcon;
				COMBINE_HIDPI_IMAGES = YES;
				GCC_PRECOMPILE_PREFIX_HEADER = YES;
				GCC_PREFIX_HEADER = "JSphereX/JSphereX-Prefix.pch";
				INFOPLIST_FILE = "JSphereX/JSphereX-Info.plist";
				LIBRARY_SEARCH_PATHS = (
					"$(inherited)",
					"$(SDKROOT)/usr/lib/system",
				);
				PRODUCT_NAME = "$(TARGET_NAME)";
				WRAPPER_EXTENSION = app;
			};
			name = Release;
		};
		8080591D17B1B6C0004D1D41 /* Debug */ = {
			isa = XCBuildConfiguration;
			buildSettings = {
				BUNDLE_LOADER = "$(BUILT_PRODUCTS_DIR)/JSphereX.app/Contents/MacOS/JSphereX";
				COMBINE_HIDPI_IMAGES = YES;
				FRAMEWORK_SEARCH_PATHS = (
					"$(DEVELOPER_FRAMEWORKS_DIR)",
					"$(inherited)",
				);
				GCC_PRECOMPILE_PREFIX_HEADER = YES;
				GCC_PREFIX_HEADER = "JSphereX/JSphereX-Prefix.pch";
				GCC_PREPROCESSOR_DEFINITIONS = (
					"DEBUG=1",
					"$(inherited)",
				);
				INFOPLIST_FILE = "JSphereXTests/JSphereXTests-Info.plist";
				PRODUCT_NAME = "$(TARGET_NAME)";
				TEST_HOST = "$(BUNDLE_LOADER)";
				WRAPPER_EXTENSION = xctest;
			};
			name = Debug;
		};
		8080591E17B1B6C0004D1D41 /* Release */ = {
			isa = XCBuildConfiguration;
			buildSettings = {
				BUNDLE_LOADER = "$(BUILT_PRODUCTS_DIR)/JSphereX.app/Contents/MacOS/JSphereX";
				COMBINE_HIDPI_IMAGES = YES;
				FRAMEWORK_SEARCH_PATHS = (
					"$(DEVELOPER_FRAMEWORKS_DIR)",
					"$(inherited)",
				);
				GCC_PRECOMPILE_PREFIX_HEADER = YES;
				GCC_PREFIX_HEADER = "JSphereX/JSphereX-Prefix.pch";
				INFOPLIST_FILE = "JSphereXTests/JSphereXTests-Info.plist";
				PRODUCT_NAME = "$(TARGET_NAME)";
				TEST_HOST = "$(BUNDLE_LOADER)";
				WRAPPER_EXTENSION = xctest;
			};
			name = Release;
		};
/* End XCBuildConfiguration section */

/* Begin XCConfigurationList section */
		808058E017B1B6BF004D1D41 /* Build configuration list for PBXProject "JSphereX" */ = {
			isa = XCConfigurationList;
			buildConfigurations = (
				8080591717B1B6C0004D1D41 /* Debug */,
				8080591817B1B6C0004D1D41 /* Release */,
			);
			defaultConfigurationIsVisible = 0;
			defaultConfigurationName = Release;
		};
		8080591917B1B6C0004D1D41 /* Build configuration list for PBXNativeTarget "JSphereX" */ = {
			isa = XCConfigurationList;
			buildConfigurations = (
				8080591A17B1B6C0004D1D41 /* Debug */,
				8080591B17B1B6C0004D1D41 /* Release */,
			);
			defaultConfigurationIsVisible = 0;
			defaultConfigurationName = Release;
		};
		8080591C17B1B6C0004D1D41 /* Build configuration list for PBXNativeTarget "JSphereXTests" */ = {
			isa = XCConfigurationList;
			buildConfigurations = (
				8080591D17B1B6C0004D1D41 /* Debug */,
				8080591E17B1B6C0004D1D41 /* Release */,
			);
			defaultConfigurationIsVisible = 0;
			defaultConfigurationName = Release;
		};
/* End XCConfigurationList section */
	};
	rootObject = 808058DD17B1B6BF004D1D41 /* Project object */;
}
